<?xml version="1.0" encoding="utf-8"?>
<Project ToolsVersion="4.0" xmlns="http://schemas.microsoft.com/developer/msbuild/2003">
  <ItemGroup>
    <Filter Include="lucent">
      <UniqueIdentifier>{7061490C-5C03-74E2-45BE-873631FFFA32}</UniqueIdentifier>
    </Filter>
  </ItemGroup>
  <ItemGroup>
    <ClInclude Include="src\lucent.h" />
    <ClInclude Include="src\lucent\application.h">
      <Filter>lucent</Filter>
    </ClInclude>
    <ClInclude Include="src\lucent\core.h">
      <Filter>lucent</Filter>
    </ClInclude>
    <ClInclude Include="src\lucent\entrypoint.h">
      <Filter>lucent</Filter>
    </ClInclude>
    <ClInclude Include="src\lucent\log.h">
      <Filter>lucent</Filter>
    </ClInclude>
    <ClInclude Include="src\lucent\Events\Event.h" />
    <ClInclude Include="src\lucent\Events\ApplicationEvent.h" />
    <ClInclude Include="src\lucent\Events\KeyEvent.h" />
    <ClInclude Include="src\lucent\Events\MouseEvent.h" />
    <ClInclude Include="src\lucent\Events\WindowEvent.h" />
  </ItemGroup>
  <ItemGroup>
    <ClCompile Include="src\lucent\application.cpp">
      <Filter>lucent</Filter>
    </ClCompile>
    <ClCompile Include="src\lucent\log.cpp">
      <Filter>lucent</Filter>
    </ClCompile>
  </ItemGroup>
</Project>